
Microsoft Visual Studio Solution File, Format Version 12.00
# Visual Studio Version 16
VisualStudioVersion = 16.0.30907.101
MinimumVisualStudioVersion = 10.0.40219.1
Project("{FAE04EC0-301F-11D3-BF4B-00C04F79EFBC}") = "Shopping.Client", "Shopping.Client\Shopping.Client.csproj", "{750C9894-1E6F-4082-9BC2-8C87AC9A6275}"
EndProject
Global
	GlobalSection(SolutionConfigurationPlatforms) = preSolution
		Debug|Any CPU = Debug|Any CPU
		Release|Any CPU = Release|Any CPU
	EndGlobalSection
	GlobalSection(ProjectConfigurationPlatforms) = postSolution
		{750C9894-1E6F-4082-9BC2-8C87AC9A6275}.Debug|Any CPU.ActiveCfg = Debug|Any CPU
		{750C9894-1E6F-4082-9BC2-8C87AC9A6275}.Debug|Any CPU.Build.0 = Debug|Any CPU
		{750C9894-1E6F-4082-9BC2-8C87AC9A6275}.Release|Any CPU.ActiveCfg = Release|Any CPU
		{750C9894-1E6F-4082-9BC2-8C87AC9A6275}.Release|Any CPU.Build.0 = Release|Any CPU
	EndGlobalSection
	GlobalSection(SolutionProperties) = preSolution
		HideSolutionNode = FALSE
	EndGlobalSection
	GlobalSection(ExtensibilityGlobals) = postSolution
		SolutionGuid = {C1392A92-6C84-480E-BE9B-539C8F974789}
	EndGlobalSection
EndGlobal
